
Microsoft Visual Studio Solution File, Format Version 12.00
# Visual Studio Version 17
VisualStudioVersion = 17.0.32126.317
MinimumVisualStudioVersion = 10.0.40219.1
Project("{2150E333-8FDC-42A3-9474-1A3956D46DE8}") = "1_Seminar", "1_Seminar", "{FCE5BBC1-D48F-4B3E-85F7-75EB8CBD2D14}"
EndProject
Project("{9A19103F-16F7-4668-BE54-9A1E7A4F7556}") = "1_TwoNumbersMax", "introduction-with-csharp\1_Seminar\1_TwoNumbersMax\1_TwoNumbersMax.csproj", "{EBCDCAA9-43D5-47A5-B65A-EA7BF2F4E916}"
EndProject
Project("{2150E333-8FDC-42A3-9474-1A3956D46DE8}") = "Solution Items", "Solution Items", "{E7E47106-A3CC-4161-AFDA-BB3AB475E764}"
	ProjectSection(SolutionItems) = preProject
		README.md = README.md
	EndProjectSection
EndProject
Project("{9A19103F-16F7-4668-BE54-9A1E7A4F7556}") = "2_ThreeNumbersMax", "introduction-with-csharp\1_Seminar\2_ThreeNumbersMax\2_ThreeNumbersMax.csproj", "{355BD3BF-D78A-4606-B8BB-F29CFBDE6A52}"
EndProject
Project("{9A19103F-16F7-4668-BE54-9A1E7A4F7556}") = "3_IsEvenNumber", "introduction-with-csharp\1_Seminar\3_IsEvenNumber\3_IsEvenNumber.csproj", "{62C55FCF-88AE-4C88-A83C-43D3DDD81D9D}"
EndProject
Project("{9A19103F-16F7-4668-BE54-9A1E7A4F7556}") = "4_AllEvenNumbers", "introduction-with-csharp\1_Seminar\4_AllEvenNumbers\4_AllEvenNumbers.csproj", "{B64DB3FF-18ED-4A73-AE70-5A0B5A1040A6}"
EndProject
Project("{2150E333-8FDC-42A3-9474-1A3956D46DE8}") = "2_Seminar", "2_Seminar", "{1AA2A6EF-35C5-418C-88F9-A6EEDD59884D}"
EndProject
Project("{9A19103F-16F7-4668-BE54-9A1E7A4F7556}") = "1_SecondDigitNumber", "introduction-with-csharp\2_Seminar\1_SecondDigitNumber\1_SecondDigitNumber.csproj", "{17E7C62C-694B-4AAE-8582-E34560998D69}"
EndProject
Project("{9A19103F-16F7-4668-BE54-9A1E7A4F7556}") = "2_RandomNum", "introduction-with-csharp\2_Seminar\2_RandomNum\2_RandomNum.csproj", "{8BE79A7E-8CB8-41BF-898B-A5623E6A3442}"
EndProject
Project("{9A19103F-16F7-4668-BE54-9A1E7A4F7556}") = "3_ThirdDigit", "introduction-with-csharp\2_Seminar\3_ThirdDigit\3_ThirdDigit.csproj", "{28A62F70-57DB-4808-988C-5DE126FCC634}"
EndProject
Project("{9A19103F-16F7-4668-BE54-9A1E7A4F7556}") = "4_IsWeekend", "introduction-with-csharp\2_Seminar\4_IsWeekend\4_IsWeekend.csproj", "{7A40D93C-60BB-477F-82D8-08E3AA7230B3}"
EndProject
Project("{2150E333-8FDC-42A3-9474-1A3956D46DE8}") = "3_Seminar", "3_Seminar", "{E71DB25C-681B-44F2-A592-00F6A3DFCCA0}"
EndProject
Project("{9A19103F-16F7-4668-BE54-9A1E7A4F7556}") = "1_IsPalindrome", "introduction-with-csharp\3_Seminar\1_IsPalindrome\1_IsPalindrome.csproj", "{5E63E0FF-4308-4344-9D5B-C583AFE74F3B}"
EndProject
Project("{FAE04EC0-301F-11D3-BF4B-00C04F79EFBC}") = "2_DistanceBetweenTwoPoints", "introduction-with-csharp\3_Seminar\2_DistanceBetweenTwoPoints\2_DistanceBetweenTwoPoints.csproj", "{31A0C716-9E06-4781-8C2C-CA4E9A425246}"
EndProject
Project("{FAE04EC0-301F-11D3-BF4B-00C04F79EFBC}") = "3_TableOfCube", "introduction-with-csharp\3_Seminar\3_TableOfCube\3_TableOfCube.csproj", "{5A0853B6-3B8D-4679-9317-5723C72335CF}"
EndProject
Global
	GlobalSection(SolutionConfigurationPlatforms) = preSolution
		Debug|Any CPU = Debug|Any CPU
		Release|Any CPU = Release|Any CPU
	EndGlobalSection
	GlobalSection(ProjectConfigurationPlatforms) = postSolution
		{EBCDCAA9-43D5-47A5-B65A-EA7BF2F4E916}.Debug|Any CPU.ActiveCfg = Debug|Any CPU
		{EBCDCAA9-43D5-47A5-B65A-EA7BF2F4E916}.Debug|Any CPU.Build.0 = Debug|Any CPU
		{EBCDCAA9-43D5-47A5-B65A-EA7BF2F4E916}.Release|Any CPU.ActiveCfg = Release|Any CPU
		{EBCDCAA9-43D5-47A5-B65A-EA7BF2F4E916}.Release|Any CPU.Build.0 = Release|Any CPU
		{355BD3BF-D78A-4606-B8BB-F29CFBDE6A52}.Debug|Any CPU.ActiveCfg = Debug|Any CPU
		{355BD3BF-D78A-4606-B8BB-F29CFBDE6A52}.Debug|Any CPU.Build.0 = Debug|Any CPU
		{355BD3BF-D78A-4606-B8BB-F29CFBDE6A52}.Release|Any CPU.ActiveCfg = Release|Any CPU
		{355BD3BF-D78A-4606-B8BB-F29CFBDE6A52}.Release|Any CPU.Build.0 = Release|Any CPU
		{62C55FCF-88AE-4C88-A83C-43D3DDD81D9D}.Debug|Any CPU.ActiveCfg = Debug|Any CPU
		{62C55FCF-88AE-4C88-A83C-43D3DDD81D9D}.Debug|Any CPU.Build.0 = Debug|Any CPU
		{62C55FCF-88AE-4C88-A83C-43D3DDD81D9D}.Release|Any CPU.ActiveCfg = Release|Any CPU
		{62C55FCF-88AE-4C88-A83C-43D3DDD81D9D}.Release|Any CPU.Build.0 = Release|Any CPU
		{B64DB3FF-18ED-4A73-AE70-5A0B5A1040A6}.Debug|Any CPU.ActiveCfg = Debug|Any CPU
		{B64DB3FF-18ED-4A73-AE70-5A0B5A1040A6}.Debug|Any CPU.Build.0 = Debug|Any CPU
		{B64DB3FF-18ED-4A73-AE70-5A0B5A1040A6}.Release|Any CPU.ActiveCfg = Release|Any CPU
		{B64DB3FF-18ED-4A73-AE70-5A0B5A1040A6}.Release|Any CPU.Build.0 = Release|Any CPU
		{17E7C62C-694B-4AAE-8582-E34560998D69}.Debug|Any CPU.ActiveCfg = Debug|Any CPU
		{17E7C62C-694B-4AAE-8582-E34560998D69}.Debug|Any CPU.Build.0 = Debug|Any CPU
		{17E7C62C-694B-4AAE-8582-E34560998D69}.Release|Any CPU.ActiveCfg = Release|Any CPU
		{17E7C62C-694B-4AAE-8582-E34560998D69}.Release|Any CPU.Build.0 = Release|Any CPU
		{8BE79A7E-8CB8-41BF-898B-A5623E6A3442}.Debug|Any CPU.ActiveCfg = Debug|Any CPU
		{8BE79A7E-8CB8-41BF-898B-A5623E6A3442}.Debug|Any CPU.Build.0 = Debug|Any CPU
		{8BE79A7E-8CB8-41BF-898B-A5623E6A3442}.Release|Any CPU.ActiveCfg = Release|Any CPU
		{8BE79A7E-8CB8-41BF-898B-A5623E6A3442}.Release|Any CPU.Build.0 = Release|Any CPU
		{28A62F70-57DB-4808-988C-5DE126FCC634}.Debug|Any CPU.ActiveCfg = Debug|Any CPU
		{28A62F70-57DB-4808-988C-5DE126FCC634}.Debug|Any CPU.Build.0 = Debug|Any CPU
		{28A62F70-57DB-4808-988C-5DE126FCC634}.Release|Any CPU.ActiveCfg = Release|Any CPU
		{28A62F70-57DB-4808-988C-5DE126FCC634}.Release|Any CPU.Build.0 = Release|Any CPU
		{7A40D93C-60BB-477F-82D8-08E3AA7230B3}.Debug|Any CPU.ActiveCfg = Debug|Any CPU
		{7A40D93C-60BB-477F-82D8-08E3AA7230B3}.Debug|Any CPU.Build.0 = Debug|Any CPU
		{7A40D93C-60BB-477F-82D8-08E3AA7230B3}.Release|Any CPU.ActiveCfg = Release|Any CPU
		{7A40D93C-60BB-477F-82D8-08E3AA7230B3}.Release|Any CPU.Build.0 = Release|Any CPU
		{5E63E0FF-4308-4344-9D5B-C583AFE74F3B}.Debug|Any CPU.ActiveCfg = Debug|Any CPU
		{5E63E0FF-4308-4344-9D5B-C583AFE74F3B}.Debug|Any CPU.Build.0 = Debug|Any CPU
		{5E63E0FF-4308-4344-9D5B-C583AFE74F3B}.Release|Any CPU.ActiveCfg = Release|Any CPU
		{5E63E0FF-4308-4344-9D5B-C583AFE74F3B}.Release|Any CPU.Build.0 = Release|Any CPU
		{31A0C716-9E06-4781-8C2C-CA4E9A425246}.Debug|Any CPU.ActiveCfg = Debug|Any CPU
		{31A0C716-9E06-4781-8C2C-CA4E9A425246}.Debug|Any CPU.Build.0 = Debug|Any CPU
		{31A0C716-9E06-4781-8C2C-CA4E9A425246}.Release|Any CPU.ActiveCfg = Release|Any CPU
		{31A0C716-9E06-4781-8C2C-CA4E9A425246}.Release|Any CPU.Build.0 = Release|Any CPU
		{5A0853B6-3B8D-4679-9317-5723C72335CF}.Debug|Any CPU.ActiveCfg = Debug|Any CPU
		{5A0853B6-3B8D-4679-9317-5723C72335CF}.Debug|Any CPU.Build.0 = Debug|Any CPU
		{5A0853B6-3B8D-4679-9317-5723C72335CF}.Release|Any CPU.ActiveCfg = Release|Any CPU
		{5A0853B6-3B8D-4679-9317-5723C72335CF}.Release|Any CPU.Build.0 = Release|Any CPU
	EndGlobalSection
	GlobalSection(SolutionProperties) = preSolution
		HideSolutionNode = FALSE
	EndGlobalSection
	GlobalSection(NestedProjects) = preSolution
		{EBCDCAA9-43D5-47A5-B65A-EA7BF2F4E916} = {FCE5BBC1-D48F-4B3E-85F7-75EB8CBD2D14}
		{355BD3BF-D78A-4606-B8BB-F29CFBDE6A52} = {FCE5BBC1-D48F-4B3E-85F7-75EB8CBD2D14}
		{62C55FCF-88AE-4C88-A83C-43D3DDD81D9D} = {FCE5BBC1-D48F-4B3E-85F7-75EB8CBD2D14}
		{B64DB3FF-18ED-4A73-AE70-5A0B5A1040A6} = {FCE5BBC1-D48F-4B3E-85F7-75EB8CBD2D14}
		{17E7C62C-694B-4AAE-8582-E34560998D69} = {1AA2A6EF-35C5-418C-88F9-A6EEDD59884D}
		{8BE79A7E-8CB8-41BF-898B-A5623E6A3442} = {1AA2A6EF-35C5-418C-88F9-A6EEDD59884D}
		{28A62F70-57DB-4808-988C-5DE126FCC634} = {1AA2A6EF-35C5-418C-88F9-A6EEDD59884D}
		{7A40D93C-60BB-477F-82D8-08E3AA7230B3} = {1AA2A6EF-35C5-418C-88F9-A6EEDD59884D}
		{5E63E0FF-4308-4344-9D5B-C583AFE74F3B} = {E71DB25C-681B-44F2-A592-00F6A3DFCCA0}
		{31A0C716-9E06-4781-8C2C-CA4E9A425246} = {E71DB25C-681B-44F2-A592-00F6A3DFCCA0}
		{5A0853B6-3B8D-4679-9317-5723C72335CF} = {E71DB25C-681B-44F2-A592-00F6A3DFCCA0}
	EndGlobalSection
	GlobalSection(ExtensibilityGlobals) = postSolution
		SolutionGuid = {791B56D8-DDD0-44A3-A868-405B3686B835}
	EndGlobalSection
EndGlobal
