
Microsoft Visual Studio Solution File, Format Version 12.00
# Visual Studio Version 17
VisualStudioVersion = 17.0.32126.317
MinimumVisualStudioVersion = 10.0.40219.1
Project("{2150E333-8FDC-42A3-9474-1A3956D46DE8}") = "1_Seminar", "1_Seminar", "{FCE5BBC1-D48F-4B3E-85F7-75EB8CBD2D14}"
EndProject
Project("{9A19103F-16F7-4668-BE54-9A1E7A4F7556}") = "1_TwoNumbersMax", "introduction-with-csharp\1_Seminar\1_TwoNumbersMax\1_TwoNumbersMax.csproj", "{EBCDCAA9-43D5-47A5-B65A-EA7BF2F4E916}"
EndProject
Project("{2150E333-8FDC-42A3-9474-1A3956D46DE8}") = "Solution Items", "Solution Items", "{E7E47106-A3CC-4161-AFDA-BB3AB475E764}"
	ProjectSection(SolutionItems) = preProject
		README.md = README.md
	EndProjectSection
EndProject
Project("{9A19103F-16F7-4668-BE54-9A1E7A4F7556}") = "2_ThreeNumbersMax", "introduction-with-csharp\1_Seminar\2_ThreeNumbersMax\2_ThreeNumbersMax.csproj", "{355BD3BF-D78A-4606-B8BB-F29CFBDE6A52}"
EndProject
Project("{9A19103F-16F7-4668-BE54-9A1E7A4F7556}") = "3_IsEvenNumber", "introduction-with-csharp\1_Seminar\3_IsEvenNumber\3_IsEvenNumber.csproj", "{62C55FCF-88AE-4C88-A83C-43D3DDD81D9D}"
EndProject
Project("{9A19103F-16F7-4668-BE54-9A1E7A4F7556}") = "4_AllEvenNumbers", "introduction-with-csharp\1_Seminar\4_AllEvenNumbers\4_AllEvenNumbers.csproj", "{B64DB3FF-18ED-4A73-AE70-5A0B5A1040A6}"
EndProject
Project("{2150E333-8FDC-42A3-9474-1A3956D46DE8}") = "2_Seminar", "2_Seminar", "{1AA2A6EF-35C5-418C-88F9-A6EEDD59884D}"
EndProject
Project("{9A19103F-16F7-4668-BE54-9A1E7A4F7556}") = "1_SecondDigitNumber", "introduction-with-csharp\2_Seminar\1_SecondDigitNumber\1_SecondDigitNumber.csproj", "{17E7C62C-694B-4AAE-8582-E34560998D69}"
EndProject
Project("{9A19103F-16F7-4668-BE54-9A1E7A4F7556}") = "2_RandomNum", "introduction-with-csharp\2_Seminar\2_RandomNum\2_RandomNum.csproj", "{8BE79A7E-8CB8-41BF-898B-A5623E6A3442}"
EndProject
Project("{9A19103F-16F7-4668-BE54-9A1E7A4F7556}") = "3_ThirdDigit", "introduction-with-csharp\2_Seminar\3_ThirdDigit\3_ThirdDigit.csproj", "{28A62F70-57DB-4808-988C-5DE126FCC634}"
EndProject
Project("{9A19103F-16F7-4668-BE54-9A1E7A4F7556}") = "4_IsWeekend", "introduction-with-csharp\2_Seminar\4_IsWeekend\4_IsWeekend.csproj", "{7A40D93C-60BB-477F-82D8-08E3AA7230B3}"
EndProject
Project("{2150E333-8FDC-42A3-9474-1A3956D46DE8}") = "3_Seminar", "3_Seminar", "{E71DB25C-681B-44F2-A592-00F6A3DFCCA0}"
EndProject
Project("{9A19103F-16F7-4668-BE54-9A1E7A4F7556}") = "1_IsPalindrome", "introduction-with-csharp\3_Seminar\1_IsPalindrome\1_IsPalindrome.csproj", "{5E63E0FF-4308-4344-9D5B-C583AFE74F3B}"
EndProject
Project("{9A19103F-16F7-4668-BE54-9A1E7A4F7556}") = "2_DistanceBetweenTwoPoints", "introduction-with-csharp\3_Seminar\2_DistanceBetweenTwoPoints\2_DistanceBetweenTwoPoints.csproj", "{31A0C716-9E06-4781-8C2C-CA4E9A425246}"
EndProject
Project("{9A19103F-16F7-4668-BE54-9A1E7A4F7556}") = "3_TableOfCube", "introduction-with-csharp\3_Seminar\3_TableOfCube\3_TableOfCube.csproj", "{5A0853B6-3B8D-4679-9317-5723C72335CF}"
EndProject
Project("{2150E333-8FDC-42A3-9474-1A3956D46DE8}") = "4_Seminar", "4_Seminar", "{B5A8983C-2018-46F2-87BA-61D6D0DE73AB}"
EndProject
Project("{9A19103F-16F7-4668-BE54-9A1E7A4F7556}") = "1_Exponentiation", "introduction-with-csharp\4_Seminar\1_Exponentiation\1_Exponentiation.csproj", "{99E4BCC1-453B-4D1C-BEBC-6AF39245AABE}"
EndProject
Project("{9A19103F-16F7-4668-BE54-9A1E7A4F7556}") = "2_SumDigitsNumber", "introduction-with-csharp\4_Seminar\2_SumDigitsNumber\2_SumDigitsNumber.csproj", "{FD0AD2B6-3E97-4CF0-A94F-AAD3D8669D64}"
EndProject
Project("{9A19103F-16F7-4668-BE54-9A1E7A4F7556}") = "3_GenerateRandomArray", "introduction-with-csharp\4_Seminar\3_GenerateRandomArray\3_GenerateRandomArray.csproj", "{4AB9B37C-B297-41B1-B308-C30A6D3AC0F8}"
EndProject
Project("{2150E333-8FDC-42A3-9474-1A3956D46DE8}") = "5_Seminar", "5_Seminar", "{39A33AC9-C4EE-4D3E-8369-1D90714C74BE}"
EndProject
Project("{9A19103F-16F7-4668-BE54-9A1E7A4F7556}") = "1_CountEvenNumbers", "introduction-with-csharp\5_Seminar\1_CountPositiveNumbers\1_CountEvenNumbers.csproj", "{00EC4748-E8EB-4417-8B51-0CBD55ECBDA6}"
EndProject
Project("{9A19103F-16F7-4668-BE54-9A1E7A4F7556}") = "2_SumNotEvenPosition", "introduction-with-csharp\5_Seminar\2_SumNotEvenPosition\2_SumNotEvenPosition.csproj", "{632209BE-8F4D-4893-9AA5-C98119423D96}"
EndProject
Project("{9A19103F-16F7-4668-BE54-9A1E7A4F7556}") = "3_DiffMinMax", "introduction-with-csharp\5_Seminar\3_DiffMinMax\3_DiffMinMax.csproj", "{338BD8CE-94AF-49D1-A87E-9A22B5522B6F}"
EndProject
Project("{2150E333-8FDC-42A3-9474-1A3956D46DE8}") = "6_Seminar", "6_Seminar", "{1B37273C-EE48-47C2-8559-50CB387FF1B0}"
EndProject
Project("{9A19103F-16F7-4668-BE54-9A1E7A4F7556}") = "1_CountPositiveNumber", "introduction-with-csharp\6_Seminar\1_CountPositiveNumber\1_CountPositiveNumber.csproj", "{4742AC8F-AD70-4628-9E2A-B726A7530110}"
EndProject
Project("{9A19103F-16F7-4668-BE54-9A1E7A4F7556}") = "2_PointIntersectionStraightLines", "introduction-with-csharp\6_Seminar\2_PointIntersectionStraightLines\2_PointIntersectionStraightLines.csproj", "{8FC8EA74-27E4-4EDB-873C-5907CFA19556}"
EndProject
Project("{2150E333-8FDC-42A3-9474-1A3956D46DE8}") = "7_seminar", "7_seminar", "{5EC934DA-DF4B-48DB-AF3B-1445EEA8B0EA}"
EndProject
Project("{9A19103F-16F7-4668-BE54-9A1E7A4F7556}") = "1_MatrixRandom", "introduction-with-csharp\7_Seminar\1_MatrixRandom\1_MatrixRandom.csproj", "{54CEBB37-CEBE-4315-BC2A-43C2F5BE89F4}"
EndProject
Project("{9A19103F-16F7-4668-BE54-9A1E7A4F7556}") = "2_FindElementMatrix", "introduction-with-csharp\7_Seminar\2_FindElementMatrix\2_FindElementMatrix.csproj", "{15CF7042-62DF-477C-9B29-5304729E589C}"
EndProject
Project("{9A19103F-16F7-4668-BE54-9A1E7A4F7556}") = "3_AvgMatrixColumnElements", "introduction-with-csharp\7_Seminar\3_AvgMatrixColumnElements\3_AvgMatrixColumnElements.csproj", "{FED36A13-8346-4F8D-9550-1DDE98A5174F}"
EndProject
Project("{2150E333-8FDC-42A3-9474-1A3956D46DE8}") = "8_Seminar", "8_Seminar", "{A9FF4187-11D6-4D5B-AF6F-3A8F7BDFDC88}"
EndProject
Project("{9A19103F-16F7-4668-BE54-9A1E7A4F7556}") = "1_OrderedMatrix", "introduction-with-csharp\8_Seminar\1_OrderedMatrix\1_OrderedMatrix.csproj", "{D695C502-4363-4D2A-A580-6C8055FF1C68}"
EndProject
Project("{FAE04EC0-301F-11D3-BF4B-00C04F79EFBC}") = "2_FindMinSumRowElements", "introduction-with-csharp\8_Seminar\2_FindMinSumRowElements\2_FindMinSumRowElements.csproj", "{FDE6A92A-4981-4876-A75B-7B90A55323F5}"
EndProject
Global
	GlobalSection(SolutionConfigurationPlatforms) = preSolution
		Debug|Any CPU = Debug|Any CPU
		Release|Any CPU = Release|Any CPU
	EndGlobalSection
	GlobalSection(ProjectConfigurationPlatforms) = postSolution
		{EBCDCAA9-43D5-47A5-B65A-EA7BF2F4E916}.Debug|Any CPU.ActiveCfg = Debug|Any CPU
		{EBCDCAA9-43D5-47A5-B65A-EA7BF2F4E916}.Debug|Any CPU.Build.0 = Debug|Any CPU
		{EBCDCAA9-43D5-47A5-B65A-EA7BF2F4E916}.Release|Any CPU.ActiveCfg = Release|Any CPU
		{EBCDCAA9-43D5-47A5-B65A-EA7BF2F4E916}.Release|Any CPU.Build.0 = Release|Any CPU
		{355BD3BF-D78A-4606-B8BB-F29CFBDE6A52}.Debug|Any CPU.ActiveCfg = Debug|Any CPU
		{355BD3BF-D78A-4606-B8BB-F29CFBDE6A52}.Debug|Any CPU.Build.0 = Debug|Any CPU
		{355BD3BF-D78A-4606-B8BB-F29CFBDE6A52}.Release|Any CPU.ActiveCfg = Release|Any CPU
		{355BD3BF-D78A-4606-B8BB-F29CFBDE6A52}.Release|Any CPU.Build.0 = Release|Any CPU
		{62C55FCF-88AE-4C88-A83C-43D3DDD81D9D}.Debug|Any CPU.ActiveCfg = Debug|Any CPU
		{62C55FCF-88AE-4C88-A83C-43D3DDD81D9D}.Debug|Any CPU.Build.0 = Debug|Any CPU
		{62C55FCF-88AE-4C88-A83C-43D3DDD81D9D}.Release|Any CPU.ActiveCfg = Release|Any CPU
		{62C55FCF-88AE-4C88-A83C-43D3DDD81D9D}.Release|Any CPU.Build.0 = Release|Any CPU
		{B64DB3FF-18ED-4A73-AE70-5A0B5A1040A6}.Debug|Any CPU.ActiveCfg = Debug|Any CPU
		{B64DB3FF-18ED-4A73-AE70-5A0B5A1040A6}.Debug|Any CPU.Build.0 = Debug|Any CPU
		{B64DB3FF-18ED-4A73-AE70-5A0B5A1040A6}.Release|Any CPU.ActiveCfg = Release|Any CPU
		{B64DB3FF-18ED-4A73-AE70-5A0B5A1040A6}.Release|Any CPU.Build.0 = Release|Any CPU
		{17E7C62C-694B-4AAE-8582-E34560998D69}.Debug|Any CPU.ActiveCfg = Debug|Any CPU
		{17E7C62C-694B-4AAE-8582-E34560998D69}.Debug|Any CPU.Build.0 = Debug|Any CPU
		{17E7C62C-694B-4AAE-8582-E34560998D69}.Release|Any CPU.ActiveCfg = Release|Any CPU
		{17E7C62C-694B-4AAE-8582-E34560998D69}.Release|Any CPU.Build.0 = Release|Any CPU
		{8BE79A7E-8CB8-41BF-898B-A5623E6A3442}.Debug|Any CPU.ActiveCfg = Debug|Any CPU
		{8BE79A7E-8CB8-41BF-898B-A5623E6A3442}.Debug|Any CPU.Build.0 = Debug|Any CPU
		{8BE79A7E-8CB8-41BF-898B-A5623E6A3442}.Release|Any CPU.ActiveCfg = Release|Any CPU
		{8BE79A7E-8CB8-41BF-898B-A5623E6A3442}.Release|Any CPU.Build.0 = Release|Any CPU
		{28A62F70-57DB-4808-988C-5DE126FCC634}.Debug|Any CPU.ActiveCfg = Debug|Any CPU
		{28A62F70-57DB-4808-988C-5DE126FCC634}.Debug|Any CPU.Build.0 = Debug|Any CPU
		{28A62F70-57DB-4808-988C-5DE126FCC634}.Release|Any CPU.ActiveCfg = Release|Any CPU
		{28A62F70-57DB-4808-988C-5DE126FCC634}.Release|Any CPU.Build.0 = Release|Any CPU
		{7A40D93C-60BB-477F-82D8-08E3AA7230B3}.Debug|Any CPU.ActiveCfg = Debug|Any CPU
		{7A40D93C-60BB-477F-82D8-08E3AA7230B3}.Debug|Any CPU.Build.0 = Debug|Any CPU
		{7A40D93C-60BB-477F-82D8-08E3AA7230B3}.Release|Any CPU.ActiveCfg = Release|Any CPU
		{7A40D93C-60BB-477F-82D8-08E3AA7230B3}.Release|Any CPU.Build.0 = Release|Any CPU
		{5E63E0FF-4308-4344-9D5B-C583AFE74F3B}.Debug|Any CPU.ActiveCfg = Debug|Any CPU
		{5E63E0FF-4308-4344-9D5B-C583AFE74F3B}.Debug|Any CPU.Build.0 = Debug|Any CPU
		{5E63E0FF-4308-4344-9D5B-C583AFE74F3B}.Release|Any CPU.ActiveCfg = Release|Any CPU
		{5E63E0FF-4308-4344-9D5B-C583AFE74F3B}.Release|Any CPU.Build.0 = Release|Any CPU
		{31A0C716-9E06-4781-8C2C-CA4E9A425246}.Debug|Any CPU.ActiveCfg = Debug|Any CPU
		{31A0C716-9E06-4781-8C2C-CA4E9A425246}.Debug|Any CPU.Build.0 = Debug|Any CPU
		{31A0C716-9E06-4781-8C2C-CA4E9A425246}.Release|Any CPU.ActiveCfg = Release|Any CPU
		{31A0C716-9E06-4781-8C2C-CA4E9A425246}.Release|Any CPU.Build.0 = Release|Any CPU
		{5A0853B6-3B8D-4679-9317-5723C72335CF}.Debug|Any CPU.ActiveCfg = Debug|Any CPU
		{5A0853B6-3B8D-4679-9317-5723C72335CF}.Debug|Any CPU.Build.0 = Debug|Any CPU
		{5A0853B6-3B8D-4679-9317-5723C72335CF}.Release|Any CPU.ActiveCfg = Release|Any CPU
		{5A0853B6-3B8D-4679-9317-5723C72335CF}.Release|Any CPU.Build.0 = Release|Any CPU
		{99E4BCC1-453B-4D1C-BEBC-6AF39245AABE}.Debug|Any CPU.ActiveCfg = Debug|Any CPU
		{99E4BCC1-453B-4D1C-BEBC-6AF39245AABE}.Debug|Any CPU.Build.0 = Debug|Any CPU
		{99E4BCC1-453B-4D1C-BEBC-6AF39245AABE}.Release|Any CPU.ActiveCfg = Release|Any CPU
		{99E4BCC1-453B-4D1C-BEBC-6AF39245AABE}.Release|Any CPU.Build.0 = Release|Any CPU
		{FD0AD2B6-3E97-4CF0-A94F-AAD3D8669D64}.Debug|Any CPU.ActiveCfg = Debug|Any CPU
		{FD0AD2B6-3E97-4CF0-A94F-AAD3D8669D64}.Debug|Any CPU.Build.0 = Debug|Any CPU
		{FD0AD2B6-3E97-4CF0-A94F-AAD3D8669D64}.Release|Any CPU.ActiveCfg = Release|Any CPU
		{FD0AD2B6-3E97-4CF0-A94F-AAD3D8669D64}.Release|Any CPU.Build.0 = Release|Any CPU
		{4AB9B37C-B297-41B1-B308-C30A6D3AC0F8}.Debug|Any CPU.ActiveCfg = Debug|Any CPU
		{4AB9B37C-B297-41B1-B308-C30A6D3AC0F8}.Debug|Any CPU.Build.0 = Debug|Any CPU
		{4AB9B37C-B297-41B1-B308-C30A6D3AC0F8}.Release|Any CPU.ActiveCfg = Release|Any CPU
		{4AB9B37C-B297-41B1-B308-C30A6D3AC0F8}.Release|Any CPU.Build.0 = Release|Any CPU
		{00EC4748-E8EB-4417-8B51-0CBD55ECBDA6}.Debug|Any CPU.ActiveCfg = Debug|Any CPU
		{00EC4748-E8EB-4417-8B51-0CBD55ECBDA6}.Debug|Any CPU.Build.0 = Debug|Any CPU
		{00EC4748-E8EB-4417-8B51-0CBD55ECBDA6}.Release|Any CPU.ActiveCfg = Release|Any CPU
		{00EC4748-E8EB-4417-8B51-0CBD55ECBDA6}.Release|Any CPU.Build.0 = Release|Any CPU
		{632209BE-8F4D-4893-9AA5-C98119423D96}.Debug|Any CPU.ActiveCfg = Debug|Any CPU
		{632209BE-8F4D-4893-9AA5-C98119423D96}.Debug|Any CPU.Build.0 = Debug|Any CPU
		{632209BE-8F4D-4893-9AA5-C98119423D96}.Release|Any CPU.ActiveCfg = Release|Any CPU
		{632209BE-8F4D-4893-9AA5-C98119423D96}.Release|Any CPU.Build.0 = Release|Any CPU
		{338BD8CE-94AF-49D1-A87E-9A22B5522B6F}.Debug|Any CPU.ActiveCfg = Debug|Any CPU
		{338BD8CE-94AF-49D1-A87E-9A22B5522B6F}.Debug|Any CPU.Build.0 = Debug|Any CPU
		{338BD8CE-94AF-49D1-A87E-9A22B5522B6F}.Release|Any CPU.ActiveCfg = Release|Any CPU
		{338BD8CE-94AF-49D1-A87E-9A22B5522B6F}.Release|Any CPU.Build.0 = Release|Any CPU
		{4742AC8F-AD70-4628-9E2A-B726A7530110}.Debug|Any CPU.ActiveCfg = Debug|Any CPU
		{4742AC8F-AD70-4628-9E2A-B726A7530110}.Debug|Any CPU.Build.0 = Debug|Any CPU
		{4742AC8F-AD70-4628-9E2A-B726A7530110}.Release|Any CPU.ActiveCfg = Release|Any CPU
		{4742AC8F-AD70-4628-9E2A-B726A7530110}.Release|Any CPU.Build.0 = Release|Any CPU
		{8FC8EA74-27E4-4EDB-873C-5907CFA19556}.Debug|Any CPU.ActiveCfg = Debug|Any CPU
		{8FC8EA74-27E4-4EDB-873C-5907CFA19556}.Debug|Any CPU.Build.0 = Debug|Any CPU
		{8FC8EA74-27E4-4EDB-873C-5907CFA19556}.Release|Any CPU.ActiveCfg = Release|Any CPU
		{8FC8EA74-27E4-4EDB-873C-5907CFA19556}.Release|Any CPU.Build.0 = Release|Any CPU
		{54CEBB37-CEBE-4315-BC2A-43C2F5BE89F4}.Debug|Any CPU.ActiveCfg = Debug|Any CPU
		{54CEBB37-CEBE-4315-BC2A-43C2F5BE89F4}.Debug|Any CPU.Build.0 = Debug|Any CPU
		{54CEBB37-CEBE-4315-BC2A-43C2F5BE89F4}.Release|Any CPU.ActiveCfg = Release|Any CPU
		{54CEBB37-CEBE-4315-BC2A-43C2F5BE89F4}.Release|Any CPU.Build.0 = Release|Any CPU
		{15CF7042-62DF-477C-9B29-5304729E589C}.Debug|Any CPU.ActiveCfg = Debug|Any CPU
		{15CF7042-62DF-477C-9B29-5304729E589C}.Debug|Any CPU.Build.0 = Debug|Any CPU
		{15CF7042-62DF-477C-9B29-5304729E589C}.Release|Any CPU.ActiveCfg = Release|Any CPU
		{15CF7042-62DF-477C-9B29-5304729E589C}.Release|Any CPU.Build.0 = Release|Any CPU
		{FED36A13-8346-4F8D-9550-1DDE98A5174F}.Debug|Any CPU.ActiveCfg = Debug|Any CPU
		{FED36A13-8346-4F8D-9550-1DDE98A5174F}.Debug|Any CPU.Build.0 = Debug|Any CPU
		{FED36A13-8346-4F8D-9550-1DDE98A5174F}.Release|Any CPU.ActiveCfg = Release|Any CPU
		{FED36A13-8346-4F8D-9550-1DDE98A5174F}.Release|Any CPU.Build.0 = Release|Any CPU
		{D695C502-4363-4D2A-A580-6C8055FF1C68}.Debug|Any CPU.ActiveCfg = Debug|Any CPU
		{D695C502-4363-4D2A-A580-6C8055FF1C68}.Debug|Any CPU.Build.0 = Debug|Any CPU
		{D695C502-4363-4D2A-A580-6C8055FF1C68}.Release|Any CPU.ActiveCfg = Release|Any CPU
		{D695C502-4363-4D2A-A580-6C8055FF1C68}.Release|Any CPU.Build.0 = Release|Any CPU
		{FDE6A92A-4981-4876-A75B-7B90A55323F5}.Debug|Any CPU.ActiveCfg = Debug|Any CPU
		{FDE6A92A-4981-4876-A75B-7B90A55323F5}.Debug|Any CPU.Build.0 = Debug|Any CPU
		{FDE6A92A-4981-4876-A75B-7B90A55323F5}.Release|Any CPU.ActiveCfg = Release|Any CPU
		{FDE6A92A-4981-4876-A75B-7B90A55323F5}.Release|Any CPU.Build.0 = Release|Any CPU
	EndGlobalSection
	GlobalSection(SolutionProperties) = preSolution
		HideSolutionNode = FALSE
	EndGlobalSection
	GlobalSection(NestedProjects) = preSolution
		{EBCDCAA9-43D5-47A5-B65A-EA7BF2F4E916} = {FCE5BBC1-D48F-4B3E-85F7-75EB8CBD2D14}
		{355BD3BF-D78A-4606-B8BB-F29CFBDE6A52} = {FCE5BBC1-D48F-4B3E-85F7-75EB8CBD2D14}
		{62C55FCF-88AE-4C88-A83C-43D3DDD81D9D} = {FCE5BBC1-D48F-4B3E-85F7-75EB8CBD2D14}
		{B64DB3FF-18ED-4A73-AE70-5A0B5A1040A6} = {FCE5BBC1-D48F-4B3E-85F7-75EB8CBD2D14}
		{17E7C62C-694B-4AAE-8582-E34560998D69} = {1AA2A6EF-35C5-418C-88F9-A6EEDD59884D}
		{8BE79A7E-8CB8-41BF-898B-A5623E6A3442} = {1AA2A6EF-35C5-418C-88F9-A6EEDD59884D}
		{28A62F70-57DB-4808-988C-5DE126FCC634} = {1AA2A6EF-35C5-418C-88F9-A6EEDD59884D}
		{7A40D93C-60BB-477F-82D8-08E3AA7230B3} = {1AA2A6EF-35C5-418C-88F9-A6EEDD59884D}
		{5E63E0FF-4308-4344-9D5B-C583AFE74F3B} = {E71DB25C-681B-44F2-A592-00F6A3DFCCA0}
		{31A0C716-9E06-4781-8C2C-CA4E9A425246} = {E71DB25C-681B-44F2-A592-00F6A3DFCCA0}
		{5A0853B6-3B8D-4679-9317-5723C72335CF} = {E71DB25C-681B-44F2-A592-00F6A3DFCCA0}
		{99E4BCC1-453B-4D1C-BEBC-6AF39245AABE} = {B5A8983C-2018-46F2-87BA-61D6D0DE73AB}
		{FD0AD2B6-3E97-4CF0-A94F-AAD3D8669D64} = {B5A8983C-2018-46F2-87BA-61D6D0DE73AB}
		{4AB9B37C-B297-41B1-B308-C30A6D3AC0F8} = {B5A8983C-2018-46F2-87BA-61D6D0DE73AB}
		{00EC4748-E8EB-4417-8B51-0CBD55ECBDA6} = {39A33AC9-C4EE-4D3E-8369-1D90714C74BE}
		{632209BE-8F4D-4893-9AA5-C98119423D96} = {39A33AC9-C4EE-4D3E-8369-1D90714C74BE}
		{338BD8CE-94AF-49D1-A87E-9A22B5522B6F} = {39A33AC9-C4EE-4D3E-8369-1D90714C74BE}
		{4742AC8F-AD70-4628-9E2A-B726A7530110} = {1B37273C-EE48-47C2-8559-50CB387FF1B0}
		{8FC8EA74-27E4-4EDB-873C-5907CFA19556} = {1B37273C-EE48-47C2-8559-50CB387FF1B0}
		{54CEBB37-CEBE-4315-BC2A-43C2F5BE89F4} = {5EC934DA-DF4B-48DB-AF3B-1445EEA8B0EA}
		{15CF7042-62DF-477C-9B29-5304729E589C} = {5EC934DA-DF4B-48DB-AF3B-1445EEA8B0EA}
		{FED36A13-8346-4F8D-9550-1DDE98A5174F} = {5EC934DA-DF4B-48DB-AF3B-1445EEA8B0EA}
		{D695C502-4363-4D2A-A580-6C8055FF1C68} = {A9FF4187-11D6-4D5B-AF6F-3A8F7BDFDC88}
		{FDE6A92A-4981-4876-A75B-7B90A55323F5} = {A9FF4187-11D6-4D5B-AF6F-3A8F7BDFDC88}
	EndGlobalSection
	GlobalSection(ExtensibilityGlobals) = postSolution
		SolutionGuid = {791B56D8-DDD0-44A3-A868-405B3686B835}
	EndGlobalSection
EndGlobal
